
Microsoft Visual Studio Solution File, Format Version 12.00
# Visual Studio Version 16
VisualStudioVersion = 16.0.32228.343
MinimumVisualStudioVersion = 10.0.40219.1
Project("{FAE04EC0-301F-11D3-BF4B-00C04F79EFBC}") = "TN_CSDLPT", "TN_CSDLPT\TN_CSDLPT.csproj", "{DF2DB0E9-3D88-42D4-9A82-D6627939499E}"
EndProject
Global
	GlobalSection(SolutionConfigurationPlatforms) = preSolution
		Debug|Any CPU = Debug|Any CPU
		Release|Any CPU = Release|Any CPU
	EndGlobalSection
	GlobalSection(ProjectConfigurationPlatforms) = postSolution
		{DF2DB0E9-3D88-42D4-9A82-D6627939499E}.Debug|Any CPU.ActiveCfg = Debug|Any CPU
		{DF2DB0E9-3D88-42D4-9A82-D6627939499E}.Debug|Any CPU.Build.0 = Debug|Any CPU
		{DF2DB0E9-3D88-42D4-9A82-D6627939499E}.Release|Any CPU.ActiveCfg = Release|Any CPU
		{DF2DB0E9-3D88-42D4-9A82-D6627939499E}.Release|Any CPU.Build.0 = Release|Any CPU
	EndGlobalSection
	GlobalSection(SolutionProperties) = preSolution
		HideSolutionNode = FALSE
	EndGlobalSection
	GlobalSection(ExtensibilityGlobals) = postSolution
		SolutionGuid = {B67BB07F-2BD6-4281-9FD3-99F3B93C4047}
	EndGlobalSection
EndGlobal
